
Microsoft Visual Studio Solution File, Format Version 12.00
# Visual Studio Version 16
VisualStudioVersion = 16.0.31624.102
MinimumVisualStudioVersion = 10.0.40219.1
Project("{FAE04EC0-301F-11D3-BF4B-00C04F79EFBC}") = "01ListyIterator", "01ListyIterator\01ListyIterator.csproj", "{66F82D36-6548-41D7-8797-5829F01D99DA}"
EndProject
Project("{FAE04EC0-301F-11D3-BF4B-00C04F79EFBC}") = "02Collection", "02Collection\02Collection.csproj", "{9423122B-45B0-4FDF-AAC3-25F1815AD625}"
EndProject
Project("{FAE04EC0-301F-11D3-BF4B-00C04F79EFBC}") = "03Stack", "03Stack\03Stack.csproj", "{F1FEB779-E397-4C73-B19B-07D08923F4B3}"
EndProject
Project("{FAE04EC0-301F-11D3-BF4B-00C04F79EFBC}") = "04Froggy", "04Froggy\04Froggy.csproj", "{401CD794-956A-42C6-A1FE-E1763D3FB33F}"
EndProject
Project("{FAE04EC0-301F-11D3-BF4B-00C04F79EFBC}") = "05ComparingObjects", "05ComparingObjects\05ComparingObjects.csproj", "{DC4FB80F-480E-4503-93BD-F2704B4F26ED}"
EndProject
Project("{FAE04EC0-301F-11D3-BF4B-00C04F79EFBC}") = "06EqualityLogic", "06EqualityLogic\06EqualityLogic.csproj", "{3ED69B10-41C9-4F72-901F-A3D3C08128D7}"
EndProject
Global
	GlobalSection(SolutionConfigurationPlatforms) = preSolution
		Debug|Any CPU = Debug|Any CPU
		Release|Any CPU = Release|Any CPU
	EndGlobalSection
	GlobalSection(ProjectConfigurationPlatforms) = postSolution
		{66F82D36-6548-41D7-8797-5829F01D99DA}.Debug|Any CPU.ActiveCfg = Debug|Any CPU
		{66F82D36-6548-41D7-8797-5829F01D99DA}.Debug|Any CPU.Build.0 = Debug|Any CPU
		{66F82D36-6548-41D7-8797-5829F01D99DA}.Release|Any CPU.ActiveCfg = Release|Any CPU
		{66F82D36-6548-41D7-8797-5829F01D99DA}.Release|Any CPU.Build.0 = Release|Any CPU
		{9423122B-45B0-4FDF-AAC3-25F1815AD625}.Debug|Any CPU.ActiveCfg = Debug|Any CPU
		{9423122B-45B0-4FDF-AAC3-25F1815AD625}.Debug|Any CPU.Build.0 = Debug|Any CPU
		{9423122B-45B0-4FDF-AAC3-25F1815AD625}.Release|Any CPU.ActiveCfg = Release|Any CPU
		{9423122B-45B0-4FDF-AAC3-25F1815AD625}.Release|Any CPU.Build.0 = Release|Any CPU
		{F1FEB779-E397-4C73-B19B-07D08923F4B3}.Debug|Any CPU.ActiveCfg = Debug|Any CPU
		{F1FEB779-E397-4C73-B19B-07D08923F4B3}.Debug|Any CPU.Build.0 = Debug|Any CPU
		{F1FEB779-E397-4C73-B19B-07D08923F4B3}.Release|Any CPU.ActiveCfg = Release|Any CPU
		{F1FEB779-E397-4C73-B19B-07D08923F4B3}.Release|Any CPU.Build.0 = Release|Any CPU
		{401CD794-956A-42C6-A1FE-E1763D3FB33F}.Debug|Any CPU.ActiveCfg = Debug|Any CPU
		{401CD794-956A-42C6-A1FE-E1763D3FB33F}.Debug|Any CPU.Build.0 = Debug|Any CPU
		{401CD794-956A-42C6-A1FE-E1763D3FB33F}.Release|Any CPU.ActiveCfg = Release|Any CPU
		{401CD794-956A-42C6-A1FE-E1763D3FB33F}.Release|Any CPU.Build.0 = Release|Any CPU
		{DC4FB80F-480E-4503-93BD-F2704B4F26ED}.Debug|Any CPU.ActiveCfg = Debug|Any CPU
		{DC4FB80F-480E-4503-93BD-F2704B4F26ED}.Debug|Any CPU.Build.0 = Debug|Any CPU
		{DC4FB80F-480E-4503-93BD-F2704B4F26ED}.Release|Any CPU.ActiveCfg = Release|Any CPU
		{DC4FB80F-480E-4503-93BD-F2704B4F26ED}.Release|Any CPU.Build.0 = Release|Any CPU
		{3ED69B10-41C9-4F72-901F-A3D3C08128D7}.Debug|Any CPU.ActiveCfg = Debug|Any CPU
		{3ED69B10-41C9-4F72-901F-A3D3C08128D7}.Debug|Any CPU.Build.0 = Debug|Any CPU
		{3ED69B10-41C9-4F72-901F-A3D3C08128D7}.Release|Any CPU.ActiveCfg = Release|Any CPU
		{3ED69B10-41C9-4F72-901F-A3D3C08128D7}.Release|Any CPU.Build.0 = Release|Any CPU
	EndGlobalSection
	GlobalSection(SolutionProperties) = preSolution
		HideSolutionNode = FALSE
	EndGlobalSection
	GlobalSection(ExtensibilityGlobals) = postSolution
		SolutionGuid = {CAB1F4A8-9409-42FA-B090-27434163430A}
	EndGlobalSection
EndGlobal
