
Microsoft Visual Studio Solution File, Format Version 12.00
# Visual Studio Version 16
VisualStudioVersion = 16.0.31624.102
MinimumVisualStudioVersion = 10.0.40219.1
Project("{FAE04EC0-301F-11D3-BF4B-00C04F79EFBC}") = "01Car", "01Car\01Car.csproj", "{D7172A54-12AB-40C1-8EFF-C14F1198ABA4}"
EndProject
Project("{FAE04EC0-301F-11D3-BF4B-00C04F79EFBC}") = "02CarExtension", "02CarExtension\02CarExtension.csproj", "{F6D18606-1794-4DB4-8F27-715461A2B8AD}"
EndProject
Project("{FAE04EC0-301F-11D3-BF4B-00C04F79EFBC}") = "03CarConstructors", "03CarConstructors\03CarConstructors.csproj", "{2B5C2313-A0E1-4933-A328-CF1858DBA26C}"
EndProject
Project("{FAE04EC0-301F-11D3-BF4B-00C04F79EFBC}") = "04CarEngineAndTires", "04CarEngineAndTires\04CarEngineAndTires.csproj", "{31B19593-D1D5-4230-AE6F-A2D98E85C841}"
EndProject
Project("{FAE04EC0-301F-11D3-BF4B-00C04F79EFBC}") = "05SpecialCars", "05SpecialCars\05SpecialCars.csproj", "{B20D2964-4EF7-4006-AB02-D05C044B7F13}"
EndProject
Global
	GlobalSection(SolutionConfigurationPlatforms) = preSolution
		Debug|Any CPU = Debug|Any CPU
		Release|Any CPU = Release|Any CPU
	EndGlobalSection
	GlobalSection(ProjectConfigurationPlatforms) = postSolution
		{D7172A54-12AB-40C1-8EFF-C14F1198ABA4}.Debug|Any CPU.ActiveCfg = Debug|Any CPU
		{D7172A54-12AB-40C1-8EFF-C14F1198ABA4}.Debug|Any CPU.Build.0 = Debug|Any CPU
		{D7172A54-12AB-40C1-8EFF-C14F1198ABA4}.Release|Any CPU.ActiveCfg = Release|Any CPU
		{D7172A54-12AB-40C1-8EFF-C14F1198ABA4}.Release|Any CPU.Build.0 = Release|Any CPU
		{F6D18606-1794-4DB4-8F27-715461A2B8AD}.Debug|Any CPU.ActiveCfg = Debug|Any CPU
		{F6D18606-1794-4DB4-8F27-715461A2B8AD}.Debug|Any CPU.Build.0 = Debug|Any CPU
		{F6D18606-1794-4DB4-8F27-715461A2B8AD}.Release|Any CPU.ActiveCfg = Release|Any CPU
		{F6D18606-1794-4DB4-8F27-715461A2B8AD}.Release|Any CPU.Build.0 = Release|Any CPU
		{2B5C2313-A0E1-4933-A328-CF1858DBA26C}.Debug|Any CPU.ActiveCfg = Debug|Any CPU
		{2B5C2313-A0E1-4933-A328-CF1858DBA26C}.Debug|Any CPU.Build.0 = Debug|Any CPU
		{2B5C2313-A0E1-4933-A328-CF1858DBA26C}.Release|Any CPU.ActiveCfg = Release|Any CPU
		{2B5C2313-A0E1-4933-A328-CF1858DBA26C}.Release|Any CPU.Build.0 = Release|Any CPU
		{31B19593-D1D5-4230-AE6F-A2D98E85C841}.Debug|Any CPU.ActiveCfg = Debug|Any CPU
		{31B19593-D1D5-4230-AE6F-A2D98E85C841}.Debug|Any CPU.Build.0 = Debug|Any CPU
		{31B19593-D1D5-4230-AE6F-A2D98E85C841}.Release|Any CPU.ActiveCfg = Release|Any CPU
		{31B19593-D1D5-4230-AE6F-A2D98E85C841}.Release|Any CPU.Build.0 = Release|Any CPU
		{B20D2964-4EF7-4006-AB02-D05C044B7F13}.Debug|Any CPU.ActiveCfg = Debug|Any CPU
		{B20D2964-4EF7-4006-AB02-D05C044B7F13}.Debug|Any CPU.Build.0 = Debug|Any CPU
		{B20D2964-4EF7-4006-AB02-D05C044B7F13}.Release|Any CPU.ActiveCfg = Release|Any CPU
		{B20D2964-4EF7-4006-AB02-D05C044B7F13}.Release|Any CPU.Build.0 = Release|Any CPU
	EndGlobalSection
	GlobalSection(SolutionProperties) = preSolution
		HideSolutionNode = FALSE
	EndGlobalSection
	GlobalSection(ExtensibilityGlobals) = postSolution
		SolutionGuid = {0B078602-61CF-4F6B-8CCA-83634FE5477B}
	EndGlobalSection
EndGlobal
