
Microsoft Visual Studio Solution File, Format Version 12.00
# Visual Studio Version 16
VisualStudioVersion = 16.0.31911.196
MinimumVisualStudioVersion = 10.0.40219.1
Project("{9A19103F-16F7-4668-BE54-9A1E7A4F7556}") = "BakeryOpenning", "BakeryOpenning.csproj", "{51F038FD-46EC-41C5-87A6-9B1172B30310}"
EndProject
Project("{FAE04EC0-301F-11D3-BF4B-00C04F79EFBC}") = "Cooking", "..\Cooking\Cooking.csproj", "{7018C7DA-0D68-49D7-BFFF-55D7D007FDF7}"
EndProject
Project("{FAE04EC0-301F-11D3-BF4B-00C04F79EFBC}") = "Selling", "..\Selling\Selling.csproj", "{50D49786-74D4-4CC0-A720-E72748C06143}"
EndProject
Global
	GlobalSection(SolutionConfigurationPlatforms) = preSolution
		Debug|Any CPU = Debug|Any CPU
		Release|Any CPU = Release|Any CPU
	EndGlobalSection
	GlobalSection(ProjectConfigurationPlatforms) = postSolution
		{51F038FD-46EC-41C5-87A6-9B1172B30310}.Debug|Any CPU.ActiveCfg = Debug|Any CPU
		{51F038FD-46EC-41C5-87A6-9B1172B30310}.Debug|Any CPU.Build.0 = Debug|Any CPU
		{51F038FD-46EC-41C5-87A6-9B1172B30310}.Release|Any CPU.ActiveCfg = Release|Any CPU
		{51F038FD-46EC-41C5-87A6-9B1172B30310}.Release|Any CPU.Build.0 = Release|Any CPU
		{7018C7DA-0D68-49D7-BFFF-55D7D007FDF7}.Debug|Any CPU.ActiveCfg = Debug|Any CPU
		{7018C7DA-0D68-49D7-BFFF-55D7D007FDF7}.Debug|Any CPU.Build.0 = Debug|Any CPU
		{7018C7DA-0D68-49D7-BFFF-55D7D007FDF7}.Release|Any CPU.ActiveCfg = Release|Any CPU
		{7018C7DA-0D68-49D7-BFFF-55D7D007FDF7}.Release|Any CPU.Build.0 = Release|Any CPU
		{50D49786-74D4-4CC0-A720-E72748C06143}.Debug|Any CPU.ActiveCfg = Debug|Any CPU
		{50D49786-74D4-4CC0-A720-E72748C06143}.Debug|Any CPU.Build.0 = Debug|Any CPU
		{50D49786-74D4-4CC0-A720-E72748C06143}.Release|Any CPU.ActiveCfg = Release|Any CPU
		{50D49786-74D4-4CC0-A720-E72748C06143}.Release|Any CPU.Build.0 = Release|Any CPU
	EndGlobalSection
	GlobalSection(SolutionProperties) = preSolution
		HideSolutionNode = FALSE
	EndGlobalSection
	GlobalSection(ExtensibilityGlobals) = postSolution
		SolutionGuid = {C98B40E9-44F6-491B-8BB1-C0B79C292E15}
	EndGlobalSection
EndGlobal
