
Microsoft Visual Studio Solution File, Format Version 12.00
# Visual Studio Version 16
VisualStudioVersion = 16.0.31729.503
MinimumVisualStudioVersion = 10.0.40219.1
Project("{FAE04EC0-301F-11D3-BF4B-00C04F79EFBC}") = "01TheFightforGondor", "01TheFightforGondor\01TheFightforGondor.csproj", "{FAD239CD-C9B7-4C14-A1FD-CDD1549981CC}"
EndProject
Project("{FAE04EC0-301F-11D3-BF4B-00C04F79EFBC}") = "02Warships", "02Warships\02Warships.csproj", "{7902325E-4475-491E-8EF8-4F5D9B77D301}"
EndProject
Project("{9A19103F-16F7-4668-BE54-9A1E7A4F7556}") = "TheRace", "The Race - skeleton\TheRace.csproj", "{F67465CB-64E8-4C1B-A557-43295DE1D561}"
EndProject
Global
	GlobalSection(SolutionConfigurationPlatforms) = preSolution
		Debug|Any CPU = Debug|Any CPU
		Release|Any CPU = Release|Any CPU
	EndGlobalSection
	GlobalSection(ProjectConfigurationPlatforms) = postSolution
		{FAD239CD-C9B7-4C14-A1FD-CDD1549981CC}.Debug|Any CPU.ActiveCfg = Debug|Any CPU
		{FAD239CD-C9B7-4C14-A1FD-CDD1549981CC}.Debug|Any CPU.Build.0 = Debug|Any CPU
		{FAD239CD-C9B7-4C14-A1FD-CDD1549981CC}.Release|Any CPU.ActiveCfg = Release|Any CPU
		{FAD239CD-C9B7-4C14-A1FD-CDD1549981CC}.Release|Any CPU.Build.0 = Release|Any CPU
		{7902325E-4475-491E-8EF8-4F5D9B77D301}.Debug|Any CPU.ActiveCfg = Debug|Any CPU
		{7902325E-4475-491E-8EF8-4F5D9B77D301}.Debug|Any CPU.Build.0 = Debug|Any CPU
		{7902325E-4475-491E-8EF8-4F5D9B77D301}.Release|Any CPU.ActiveCfg = Release|Any CPU
		{7902325E-4475-491E-8EF8-4F5D9B77D301}.Release|Any CPU.Build.0 = Release|Any CPU
		{F67465CB-64E8-4C1B-A557-43295DE1D561}.Debug|Any CPU.ActiveCfg = Debug|Any CPU
		{F67465CB-64E8-4C1B-A557-43295DE1D561}.Debug|Any CPU.Build.0 = Debug|Any CPU
		{F67465CB-64E8-4C1B-A557-43295DE1D561}.Release|Any CPU.ActiveCfg = Release|Any CPU
		{F67465CB-64E8-4C1B-A557-43295DE1D561}.Release|Any CPU.Build.0 = Release|Any CPU
	EndGlobalSection
	GlobalSection(SolutionProperties) = preSolution
		HideSolutionNode = FALSE
	EndGlobalSection
	GlobalSection(ExtensibilityGlobals) = postSolution
		SolutionGuid = {54A5CB38-1CFD-4C46-8196-B4D24533F123}
	EndGlobalSection
EndGlobal
