
Microsoft Visual Studio Solution File, Format Version 12.00
# Visual Studio Version 16
VisualStudioVersion = 16.0.31729.503
MinimumVisualStudioVersion = 10.0.40219.1
Project("{FAE04EC0-301F-11D3-BF4B-00C04F79EFBC}") = "01Lootbox", "01Lootbox\01Lootbox.csproj", "{832C10A3-4BE7-4580-8C27-E0735D8F2F78}"
EndProject
Project("{FAE04EC0-301F-11D3-BF4B-00C04F79EFBC}") = "02ReVolt", "02ReVolt\02ReVolt.csproj", "{B3CDABE8-2F3D-4B77-B24C-951AA01DB7B7}"
EndProject
Project("{9A19103F-16F7-4668-BE54-9A1E7A4F7556}") = "Guild", "Guild\Guild.csproj", "{D7AC2927-C1EF-4528-B9A6-58807C6C5574}"
EndProject
Global
	GlobalSection(SolutionConfigurationPlatforms) = preSolution
		Debug|Any CPU = Debug|Any CPU
		Release|Any CPU = Release|Any CPU
	EndGlobalSection
	GlobalSection(ProjectConfigurationPlatforms) = postSolution
		{832C10A3-4BE7-4580-8C27-E0735D8F2F78}.Debug|Any CPU.ActiveCfg = Debug|Any CPU
		{832C10A3-4BE7-4580-8C27-E0735D8F2F78}.Debug|Any CPU.Build.0 = Debug|Any CPU
		{832C10A3-4BE7-4580-8C27-E0735D8F2F78}.Release|Any CPU.ActiveCfg = Release|Any CPU
		{832C10A3-4BE7-4580-8C27-E0735D8F2F78}.Release|Any CPU.Build.0 = Release|Any CPU
		{B3CDABE8-2F3D-4B77-B24C-951AA01DB7B7}.Debug|Any CPU.ActiveCfg = Debug|Any CPU
		{B3CDABE8-2F3D-4B77-B24C-951AA01DB7B7}.Debug|Any CPU.Build.0 = Debug|Any CPU
		{B3CDABE8-2F3D-4B77-B24C-951AA01DB7B7}.Release|Any CPU.ActiveCfg = Release|Any CPU
		{B3CDABE8-2F3D-4B77-B24C-951AA01DB7B7}.Release|Any CPU.Build.0 = Release|Any CPU
		{D7AC2927-C1EF-4528-B9A6-58807C6C5574}.Debug|Any CPU.ActiveCfg = Debug|Any CPU
		{D7AC2927-C1EF-4528-B9A6-58807C6C5574}.Debug|Any CPU.Build.0 = Debug|Any CPU
		{D7AC2927-C1EF-4528-B9A6-58807C6C5574}.Release|Any CPU.ActiveCfg = Release|Any CPU
		{D7AC2927-C1EF-4528-B9A6-58807C6C5574}.Release|Any CPU.Build.0 = Release|Any CPU
	EndGlobalSection
	GlobalSection(SolutionProperties) = preSolution
		HideSolutionNode = FALSE
	EndGlobalSection
	GlobalSection(ExtensibilityGlobals) = postSolution
		SolutionGuid = {BB019B53-1BF1-4F8E-8E57-70A38CBF06C9}
	EndGlobalSection
EndGlobal
