
Microsoft Visual Studio Solution File, Format Version 12.00
# Visual Studio Version 16
VisualStudioVersion = 16.0.31729.503
MinimumVisualStudioVersion = 10.0.40219.1
Project("{FAE04EC0-301F-11D3-BF4B-00C04F79EFBC}") = "01Masterchef", "01Masterchef\01Masterchef.csproj", "{1EFF6664-1711-4E9B-8C3C-EB2FC9A4FAF4}"
EndProject
Project("{FAE04EC0-301F-11D3-BF4B-00C04F79EFBC}") = "02.Survivor", "02.Survivor\02.Survivor.csproj", "{0018F4BB-7884-456F-B35B-515A856F46D6}"
EndProject
Project("{9A19103F-16F7-4668-BE54-9A1E7A4F7556}") = "SkiRental", "SkiRental\SkiRental.csproj", "{32F3E45F-F8FB-4ADA-A2E6-485C9DD3078F}"
EndProject
Global
	GlobalSection(SolutionConfigurationPlatforms) = preSolution
		Debug|Any CPU = Debug|Any CPU
		Release|Any CPU = Release|Any CPU
	EndGlobalSection
	GlobalSection(ProjectConfigurationPlatforms) = postSolution
		{1EFF6664-1711-4E9B-8C3C-EB2FC9A4FAF4}.Debug|Any CPU.ActiveCfg = Debug|Any CPU
		{1EFF6664-1711-4E9B-8C3C-EB2FC9A4FAF4}.Debug|Any CPU.Build.0 = Debug|Any CPU
		{1EFF6664-1711-4E9B-8C3C-EB2FC9A4FAF4}.Release|Any CPU.ActiveCfg = Release|Any CPU
		{1EFF6664-1711-4E9B-8C3C-EB2FC9A4FAF4}.Release|Any CPU.Build.0 = Release|Any CPU
		{0018F4BB-7884-456F-B35B-515A856F46D6}.Debug|Any CPU.ActiveCfg = Debug|Any CPU
		{0018F4BB-7884-456F-B35B-515A856F46D6}.Debug|Any CPU.Build.0 = Debug|Any CPU
		{0018F4BB-7884-456F-B35B-515A856F46D6}.Release|Any CPU.ActiveCfg = Release|Any CPU
		{0018F4BB-7884-456F-B35B-515A856F46D6}.Release|Any CPU.Build.0 = Release|Any CPU
		{32F3E45F-F8FB-4ADA-A2E6-485C9DD3078F}.Debug|Any CPU.ActiveCfg = Debug|Any CPU
		{32F3E45F-F8FB-4ADA-A2E6-485C9DD3078F}.Debug|Any CPU.Build.0 = Debug|Any CPU
		{32F3E45F-F8FB-4ADA-A2E6-485C9DD3078F}.Release|Any CPU.ActiveCfg = Release|Any CPU
		{32F3E45F-F8FB-4ADA-A2E6-485C9DD3078F}.Release|Any CPU.Build.0 = Release|Any CPU
	EndGlobalSection
	GlobalSection(SolutionProperties) = preSolution
		HideSolutionNode = FALSE
	EndGlobalSection
	GlobalSection(ExtensibilityGlobals) = postSolution
		SolutionGuid = {D6DFB6EB-76BA-48D8-9DE3-5362700387A9}
	EndGlobalSection
EndGlobal
